
Microsoft Visual Studio Solution File, Format Version 12.00
# Visual Studio Version 17
VisualStudioVersion = 17.2.32630.192
MinimumVisualStudioVersion = 10.0.40219.1
Project("{9A19103F-16F7-4668-BE54-9A1E7A4F7556}") = "Chat", "Chat-ReenBit\Chat.csproj", "{905F500C-03DC-40AB-9532-15D219E6188F}"
EndProject
Project("{9A19103F-16F7-4668-BE54-9A1E7A4F7556}") = "DataBase", "DataBase\DataBase.csproj", "{040D6232-9824-40F0-B0AE-19C0778525B8}"
EndProject
Global
	GlobalSection(SolutionConfigurationPlatforms) = preSolution
		Debug|Any CPU = Debug|Any CPU
		Release|Any CPU = Release|Any CPU
	EndGlobalSection
	GlobalSection(ProjectConfigurationPlatforms) = postSolution
		{905F500C-03DC-40AB-9532-15D219E6188F}.Debug|Any CPU.ActiveCfg = Debug|Any CPU
		{905F500C-03DC-40AB-9532-15D219E6188F}.Debug|Any CPU.Build.0 = Debug|Any CPU
		{905F500C-03DC-40AB-9532-15D219E6188F}.Release|Any CPU.ActiveCfg = Release|Any CPU
		{905F500C-03DC-40AB-9532-15D219E6188F}.Release|Any CPU.Build.0 = Release|Any CPU
		{040D6232-9824-40F0-B0AE-19C0778525B8}.Debug|Any CPU.ActiveCfg = Debug|Any CPU
		{040D6232-9824-40F0-B0AE-19C0778525B8}.Debug|Any CPU.Build.0 = Debug|Any CPU
		{040D6232-9824-40F0-B0AE-19C0778525B8}.Release|Any CPU.ActiveCfg = Release|Any CPU
		{040D6232-9824-40F0-B0AE-19C0778525B8}.Release|Any CPU.Build.0 = Release|Any CPU
	EndGlobalSection
	GlobalSection(SolutionProperties) = preSolution
		HideSolutionNode = FALSE
	EndGlobalSection
	GlobalSection(ExtensibilityGlobals) = postSolution
		SolutionGuid = {0B9B3015-2218-4DE5-824A-3ACD81A1CC9E}
	EndGlobalSection
EndGlobal
